{
  "nodes": {
    "annum": {
      "inputs": {
        "configurable-cli-src": "configurable-cli-src",
        "flake-utils": [
          "flake-utils"
        ],
        "kittui-src": "kittui-src",
        "mcp-cli-src": "mcp-cli-src",
        "nixpkgs": [
          "nixpkgs"
        ],
        "remote-cli": "remote-cli"
      },
      "locked": {
        "path": "./annum",
        "type": "path"
      },
      "original": {
        "path": "./annum",
        "type": "path"
      },
      "parent": []
    },
    "configurable-cli-src": {
      "flake": false,
      "locked": {
        "lastModified": 1785888722,
        "narHash": "sha256-Lk8CvGUa/ujExWbA5y16VaOxslanN+WZ3IewgkWImsc=",
        "ref": "refs/heads/main",
        "rev": "ed0a5be165f861bb58c81e22fed44153af519060",
        "revCount": 2,
        "type": "git",
        "url": "ssh://git@github.com/harryaskham/configurable-cli"
      },
      "original": {
        "rev": "ed0a5be165f861bb58c81e22fed44153af519060",
        "type": "git",
        "url": "ssh://git@github.com/harryaskham/configurable-cli"
      }
    },
    "configurable-cli-src_2": {
      "flake": false,
      "locked": {
        "lastModified": 1785888722,
        "narHash": "sha256-Lk8CvGUa/ujExWbA5y16VaOxslanN+WZ3IewgkWImsc=",
        "ref": "refs/heads/main",
        "rev": "ed0a5be165f861bb58c81e22fed44153af519060",
        "revCount": 2,
        "type": "git",
        "url": "ssh://git@github.com/harryaskham/configurable-cli"
      },
      "original": {
        "rev": "ed0a5be165f861bb58c81e22fed44153af519060",
        "type": "git",
        "url": "ssh://git@github.com/harryaskham/configurable-cli"
      }
    },
    "configurable-cli-src_3": {
      "flake": false,
      "locked": {
        "lastModified": 1785888722,
        "narHash": "sha256-Lk8CvGUa/ujExWbA5y16VaOxslanN+WZ3IewgkWImsc=",
        "ref": "refs/heads/main",
        "rev": "ed0a5be165f861bb58c81e22fed44153af519060",
        "revCount": 2,
        "type": "git",
        "url": "ssh://git@github.com/harryaskham/configurable-cli"
      },
      "original": {
        "rev": "ed0a5be165f861bb58c81e22fed44153af519060",
        "type": "git",
        "url": "ssh://git@github.com/harryaskham/configurable-cli"
      }
    },
    "cost-tui": {
      "inputs": {
        "configurable-cli-src": "configurable-cli-src_2",
        "flake-utils": [
          "flake-utils"
        ],
        "kittui-src": "kittui-src_2",
        "nixpkgs": [
          "nixpkgs"
        ],
        "remote-cli": "remote-cli_2"
      },
      "locked": {
        "path": "./cost-tui",
        "type": "path"
      },
      "original": {
        "path": "./cost-tui",
        "type": "path"
      },
      "parent": []
    },
    "flake-utils": {
      "inputs": {
        "systems": "systems"
      },
      "locked": {
        "lastModified": 1731533236,
        "narHash": "sha256-l0KFg5HjrsfsO/JpG+r7fRrqm12kzFHyUHqHCVpMMbI=",
        "owner": "numtide",
        "repo": "flake-utils",
        "rev": "11707dc2f618dd54ca8739b309ec4fc024de578b",
        "type": "github"
      },
      "original": {
        "owner": "numtide",
        "repo": "flake-utils",
        "type": "github"
      }
    },
    "kittui-src": {
      "flake": false,
      "locked": {
        "lastModified": 1785748268,
        "narHash": "sha256-1hybr7r3wS7/JoSxIZtiSgVtJq850VjgbghXre/7+U8=",
        "ref": "refs/heads/main",
        "rev": "fab4b7e39cfe5f515c68ce1188979864b3c632d5",
        "revCount": 3239,
        "type": "git",
        "url": "ssh://git@github.com/harryaskham/kittui"
      },
      "original": {
        "rev": "fab4b7e39cfe5f515c68ce1188979864b3c632d5",
        "type": "git",
        "url": "ssh://git@github.com/harryaskham/kittui"
      }
    },
    "kittui-src_2": {
      "flake": false,
      "locked": {
        "lastModified": 1785748268,
        "narHash": "sha256-1hybr7r3wS7/JoSxIZtiSgVtJq850VjgbghXre/7+U8=",
        "ref": "refs/heads/main",
        "rev": "fab4b7e39cfe5f515c68ce1188979864b3c632d5",
        "revCount": 3239,
        "type": "git",
        "url": "ssh://git@github.com/harryaskham/kittui"
      },
      "original": {
        "rev": "fab4b7e39cfe5f515c68ce1188979864b3c632d5",
        "type": "git",
        "url": "ssh://git@github.com/harryaskham/kittui"
      }
    },
    "kittui-src_3": {
      "flake": false,
      "locked": {
        "lastModified": 1785748268,
        "narHash": "sha256-1hybr7r3wS7/JoSxIZtiSgVtJq850VjgbghXre/7+U8=",
        "ref": "refs/heads/main",
        "rev": "fab4b7e39cfe5f515c68ce1188979864b3c632d5",
        "revCount": 3239,
        "type": "git",
        "url": "ssh://git@github.com/harryaskham/kittui"
      },
      "original": {
        "rev": "fab4b7e39cfe5f515c68ce1188979864b3c632d5",
        "type": "git",
        "url": "ssh://git@github.com/harryaskham/kittui"
      }
    },
    "linear-extra": {
      "inputs": {
        "flake-utils": [
          "flake-utils"
        ],
        "nixpkgs": [
          "nixpkgs"
        ],
        "pyproject-build-systems": [
          "pyproject-build-systems"
        ],
        "pyproject-nix": [
          "pyproject-nix"
        ],
        "uv2nix": [
          "uv2nix"
        ]
      },
      "locked": {
        "path": "./linear-extra",
        "type": "path"
      },
      "original": {
        "path": "./linear-extra",
        "type": "path"
      },
      "parent": []
    },
    "mcp-cli-src": {
      "flake": false,
      "locked": {
        "lastModified": 1785482795,
        "narHash": "sha256-IZ9SX1iUWYv8mUufYVWiEOvVC55peViCnGTcdqpCMBs=",
        "ref": "refs/heads/main",
        "rev": "81e55235df7d7335d4dc7bd1095131246d157a2a",
        "revCount": 52,
        "type": "git",
        "url": "ssh://git@github.com/harryaskham/mcp-cli"
      },
      "original": {
        "rev": "81e55235df7d7335d4dc7bd1095131246d157a2a",
        "type": "git",
        "url": "ssh://git@github.com/harryaskham/mcp-cli"
      }
    },
    "mcp-cli-src_2": {
      "flake": false,
      "locked": {
        "lastModified": 1785482795,
        "narHash": "sha256-IZ9SX1iUWYv8mUufYVWiEOvVC55peViCnGTcdqpCMBs=",
        "ref": "refs/heads/main",
        "rev": "81e55235df7d7335d4dc7bd1095131246d157a2a",
        "revCount": 52,
        "type": "git",
        "url": "ssh://git@github.com/harryaskham/mcp-cli"
      },
      "original": {
        "rev": "81e55235df7d7335d4dc7bd1095131246d157a2a",
        "type": "git",
        "url": "ssh://git@github.com/harryaskham/mcp-cli"
      }
    },
    "nixpkgs": {
      "locked": {
        "lastModified": 1779508470,
        "narHash": "sha256-Ap9KJX+5xHIn3bPIpfNgT6MEXdAECECwo4/rmlQD74M=",
        "owner": "nixos",
        "repo": "nixpkgs",
        "rev": "29916453413845e54a65b8a1cf996842300cd299",
        "type": "github"
      },
      "original": {
        "owner": "nixos",
        "ref": "nixos-unstable",
        "repo": "nixpkgs",
        "type": "github"
      }
    },
    "pi-wasm": {
      "inputs": {
        "flake-utils": [
          "flake-utils"
        ],
        "nixpkgs": [
          "nixpkgs"
        ]
      },
      "locked": {
        "path": "./pi-wasm",
        "type": "path"
      },
      "original": {
        "path": "./pi-wasm",
        "type": "path"
      },
      "parent": []
    },
    "pyproject-build-systems": {
      "inputs": {
        "nixpkgs": [
          "nixpkgs"
        ],
        "pyproject-nix": [
          "pyproject-nix"
        ],
        "uv2nix": [
          "uv2nix"
        ]
      },
      "locked": {
        "lastModified": 1776659114,
        "narHash": "sha256-qapCOQmR++yZSY43dzrp3wCrkOTLpod+ONtJWBk6iKU=",
        "owner": "pyproject-nix",
        "repo": "build-system-pkgs",
        "rev": "ffaa2161dd5d63e0e94591f86b54fc239660fb2e",
        "type": "github"
      },
      "original": {
        "owner": "pyproject-nix",
        "repo": "build-system-pkgs",
        "type": "github"
      }
    },
    "pyproject-nix": {
      "inputs": {
        "nixpkgs": [
          "nixpkgs"
        ]
      },
      "locked": {
        "lastModified": 1778901413,
        "narHash": "sha256-GSKXTAnFqRAMlZkJrIPcQMYf+lpMr66K3i60mB9STvc=",
        "owner": "pyproject-nix",
        "repo": "pyproject.nix",
        "rev": "a228447c3e179d477c1b6246ef3efa8cfe3c469a",
        "type": "github"
      },
      "original": {
        "owner": "pyproject-nix",
        "repo": "pyproject.nix",
        "type": "github"
      }
    },
    "remote-cli": {
      "inputs": {
        "flake-utils": [
          "annum",
          "flake-utils"
        ],
        "nixpkgs": [
          "annum",
          "nixpkgs"
        ]
      },
      "locked": {
        "lastModified": 1786103059,
        "narHash": "sha256-P2g4nIuxRVeLASTm7WnHzeB5qNqvxPJDGbuj4HxWzes=",
        "ref": "refs/heads/main",
        "rev": "91d6994ef6103e6a0498930140e112b4f7f492eb",
        "revCount": 6,
        "type": "git",
        "url": "ssh://git@github.com/harryaskham/remote-cli"
      },
      "original": {
        "rev": "91d6994ef6103e6a0498930140e112b4f7f492eb",
        "type": "git",
        "url": "ssh://git@github.com/harryaskham/remote-cli"
      }
    },
    "remote-cli_2": {
      "inputs": {
        "flake-utils": [
          "cost-tui",
          "flake-utils"
        ],
        "nixpkgs": [
          "cost-tui",
          "nixpkgs"
        ]
      },
      "locked": {
        "lastModified": 1786103059,
        "narHash": "sha256-P2g4nIuxRVeLASTm7WnHzeB5qNqvxPJDGbuj4HxWzes=",
        "ref": "refs/heads/main",
        "rev": "91d6994ef6103e6a0498930140e112b4f7f492eb",
        "revCount": 6,
        "type": "git",
        "url": "ssh://git@github.com/harryaskham/remote-cli"
      },
      "original": {
        "rev": "91d6994ef6103e6a0498930140e112b4f7f492eb",
        "type": "git",
        "url": "ssh://git@github.com/harryaskham/remote-cli"
      }
    },
    "remote-cli_3": {
      "inputs": {
        "flake-utils": [
          "slick",
          "flake-utils"
        ],
        "nixpkgs": [
          "slick",
          "nixpkgs"
        ]
      },
      "locked": {
        "lastModified": 1786103059,
        "narHash": "sha256-P2g4nIuxRVeLASTm7WnHzeB5qNqvxPJDGbuj4HxWzes=",
        "ref": "refs/heads/main",
        "rev": "91d6994ef6103e6a0498930140e112b4f7f492eb",
        "revCount": 6,
        "type": "git",
        "url": "ssh://git@github.com/harryaskham/remote-cli"
      },
      "original": {
        "rev": "91d6994ef6103e6a0498930140e112b4f7f492eb",
        "type": "git",
        "url": "ssh://git@github.com/harryaskham/remote-cli"
      }
    },
    "root": {
      "inputs": {
        "annum": "annum",
        "cost-tui": "cost-tui",
        "flake-utils": "flake-utils",
        "linear-extra": "linear-extra",
        "nixpkgs": "nixpkgs",
        "pi-wasm": "pi-wasm",
        "pyproject-build-systems": "pyproject-build-systems",
        "pyproject-nix": "pyproject-nix",
        "slick": "slick",
        "uv2nix": "uv2nix",
        "web-search": "web-search"
      }
    },
    "slick": {
      "inputs": {
        "configurable-cli-src": "configurable-cli-src_3",
        "flake-utils": [
          "flake-utils"
        ],
        "kittui-src": "kittui-src_3",
        "mcp-cli-src": "mcp-cli-src_2",
        "nixpkgs": [
          "nixpkgs"
        ],
        "remote-cli": "remote-cli_3"
      },
      "locked": {
        "path": "./slick",
        "type": "path"
      },
      "original": {
        "path": "./slick",
        "type": "path"
      },
      "parent": []
    },
    "systems": {
      "locked": {
        "lastModified": 1681028828,
        "narHash": "sha256-Vy1rq5AaRuLzOxct8nz4T6wlgyUR7zLU309k9mBC768=",
        "owner": "nix-systems",
        "repo": "default",
        "rev": "da67096a3b9bf56a91d16901293e51ba5b49a27e",
        "type": "github"
      },
      "original": {
        "owner": "nix-systems",
        "repo": "default",
        "type": "github"
      }
    },
    "uv2nix": {
      "inputs": {
        "nixpkgs": [
          "nixpkgs"
        ],
        "pyproject-nix": [
          "pyproject-nix"
        ]
      },
      "locked": {
        "lastModified": 1779411315,
        "narHash": "sha256-IMFlxeyClau51KplhhSRGhdGTvD/knShHdybP1UOTuk=",
        "owner": "pyproject-nix",
        "repo": "uv2nix",
        "rev": "fdf2a76275d7a9c27deb5d2f2ab33526ac9052ff",
        "type": "github"
      },
      "original": {
        "owner": "pyproject-nix",
        "repo": "uv2nix",
        "type": "github"
      }
    },
    "web-search": {
      "inputs": {
        "flake-utils": [
          "flake-utils"
        ],
        "nixpkgs": [
          "nixpkgs"
        ],
        "pyproject-build-systems": [
          "pyproject-build-systems"
        ],
        "pyproject-nix": [
          "pyproject-nix"
        ],
        "uv2nix": [
          "uv2nix"
        ]
      },
      "locked": {
        "path": "./web-search",
        "type": "path"
      },
      "original": {
        "path": "./web-search",
        "type": "path"
      },
      "parent": []
    }
  },
  "root": "root",
  "version": 7
}
